# This file is autogenerated, do not edit; changes may be undone by the next 'dep ensure'.


[[projects]]
  branch = "master"
  name = "github.com/badgerodon/lalg"
  packages = ["."]
  revision = "d98d02968c5bba21d20b4720cba72f39f6a92604"

[[projects]]
  branch = "master"
  name = "github.com/badgerodon/quadprog"
  packages = ["."]
  revision = "99da70fa15d4eba1a9dc72b0ffed59e11858bd5f"

[[projects]]
  branch = "master"
  name = "github.com/badgerodon/rbsa"
  packages = ["."]
  revision = "465af9ff0d022020810f7c58afb3e13ef26a6a35"

[[projects]]
  branch = "master"
  name = "github.com/badgerodon/statistics"
  packages = ["."]
  revision = "85bdd4e56e4c4aeed599e593dfa89494ab795079"

[[projects]]
  branch = "master"
  name = "golang.org/x/net"
  packages = ["html","html/atom"]
  revision = "0744d001aa8470aaa53df28d32e5ceeb8af9bd70"

[solve-meta]
  analyzer-name = "dep"
  analyzer-version = 1
  inputs-digest = "ac72c7fe9dbbe6f08b813c1ffc8dd23bea899cd2cfb91f996be20ef2ae9e7036"
  solver-name = "gps-cdcl"
  solver-version = 1
